{
  "name": "statediff",
  "version": "1.0.0",
  "lockfileVersion": 1,
  "requires": true,
  "dependencies": {
    "base-x": {
      "version": "3.0.8",
      "resolved": "https://registry.npmjs.org/base-x/-/base-x-3.0.8.tgz",
      "integrity": "sha512-Rl/1AWP4J/zRrk54hhlxH4drNxPJXYUaKffODVI53/dAsV4t9fBxyxYKAVPU1XBHxYwOWP9h9H0hM2MVw4YfJA==",
      "requires": {
        "safe-buffer": "^5.0.1"
      }
    },
    "base64-js": {
      "version": "1.3.1",
      "resolved": "https://registry.npmjs.org/base64-js/-/base64-js-1.3.1.tgz",
      "integrity": "sha512-mLQ4i2QO1ytvGWFWmcngKO//JXAQueZvwEKtjgQFM4jIK0kU+ytMfplL8j+n5mspOfjHwoAg+9yhb7BwAHm36g=="
    },
    "buffer": {
      "version": "5.6.0",
      "resolved": "https://registry.npmjs.org/buffer/-/buffer-5.6.0.tgz",
      "integrity": "sha512-/gDYp/UtU0eA1ys8bOs9J6a+E/KWIY+DZ+Q2WESNUA0jFRsJOc0SNUO6xJ5SGA1xueg3NL65W6s+NY5l9cunuw==",
      "requires": {
        "base64-js": "^1.0.2",
        "ieee754": "^1.1.4"
      }
    },
    "cids": {
      "version": "1.0.0",
      "resolved": "https://registry.npmjs.org/cids/-/cids-1.0.0.tgz",
      "integrity": "sha512-HEBCIElSiXlkgZq3dgHJc3eDcnFteFp96N8/1/oqX5lkxBtB66sZ12jqEP3g7Ut++jEk6kIUGifQ1Qrya1jcNQ==",
      "requires": {
        "class-is": "^1.1.0",
        "multibase": "^3.0.0",
        "multicodec": "^2.0.0",
        "multihashes": "^3.0.1",
        "uint8arrays": "^1.0.0"
      }
    },
    "class-is": {
      "version": "1.1.0",
      "resolved": "https://registry.npmjs.org/class-is/-/class-is-1.1.0.tgz",
      "integrity": "sha512-rhjH9AG1fvabIDoGRVH587413LPjTZgmDF9fOFCbFJQV4yuocX1mHxxvXI4g3cGwbVY9wAYIoKlg1N79frJKQw=="
    },
    "ieee754": {
      "version": "1.1.13",
      "resolved": "https://registry.npmjs.org/ieee754/-/ieee754-1.1.13.tgz",
      "integrity": "sha512-4vf7I2LYV/HaWerSo3XmlMkp5eZ83i+/CDluXi/IGTs/O1sejBNhTtnxzmRZfvOUqj7lZjqHkeTvpgSFDlWZTg=="
    },
    "multibase": {
      "version": "3.0.0",
      "resolved": "https://registry.npmjs.org/multibase/-/multibase-3.0.0.tgz",
      "integrity": "sha512-fuB+zfRbF5zWV4L+CPM0dgA0gX7DHG/IMyzwhVi2RxbRVWn41Wk7SkKW8cxYDGOg6TVh7XgyoesjOAYrB1HBAA==",
      "requires": {
        "base-x": "^3.0.8",
        "web-encoding": "^1.0.2"
      }
    },
    "multicodec": {
      "version": "2.0.0",
      "resolved": "https://registry.npmjs.org/multicodec/-/multicodec-2.0.0.tgz",
      "integrity": "sha512-2SLsdTCXqOpUfoSHkTaVzxnjjl5fsSO283Idb9rAYgKGVu188NFP5KncuZ8Ifg8H2gc5GOi2rkuhLumqv9nweQ==",
      "requires": {
        "uint8arrays": "1.0.0",
        "varint": "^5.0.0"
      },
      "dependencies": {
        "uint8arrays": {
          "version": "1.0.0",
          "resolved": "https://registry.npmjs.org/uint8arrays/-/uint8arrays-1.0.0.tgz",
          "integrity": "sha512-14tqEVujDREW7YwonSZZwLvo7aFDfX7b6ubvM/U7XvZol+CC/LbhaX/550VlWmhddAL9Wou1sxp0Of3tGqXigg==",
          "requires": {
            "multibase": "^3.0.0",
            "web-encoding": "^1.0.2"
          }
        }
      }
    },
    "multihashes": {
      "version": "3.0.1",
      "resolved": "https://registry.npmjs.org/multihashes/-/multihashes-3.0.1.tgz",
      "integrity": "sha512-fFY67WOtb0359IjDZxaCU3gJILlkwkFbxbwrK9Bej5+NqNaYztzLOj8/NgMNMg/InxmhK+Uu8S/U4EcqsHzB7Q==",
      "requires": {
        "multibase": "^3.0.0",
        "uint8arrays": "^1.0.0",
        "varint": "^5.0.0"
      }
    },
    "pretty-print-json": {
      "version": "0.2.2",
      "resolved": "https://registry.npmjs.org/pretty-print-json/-/pretty-print-json-0.2.2.tgz",
      "integrity": "sha512-dmSSSi9sTGuaCyXiXN+Fy3YeOiRzoflYJ8a5UHOtMFJWP05auobA7qQ94Qvd7L+shKZzpXBeOc30lgGoVLaI7g=="
    },
    "safe-buffer": {
      "version": "5.2.1",
      "resolved": "https://registry.npmjs.org/safe-buffer/-/safe-buffer-5.2.1.tgz",
      "integrity": "sha512-rp3So07KcdmmKbGvgaNxQSJr7bGVSVk5S9Eq1F+ppbRo70+YeaDxkw5Dd8NPN+GD6bjnYm2VuPuCXmpuYvmCXQ=="
    },
    "uint8arrays": {
      "version": "1.1.0",
      "resolved": "https://registry.npmjs.org/uint8arrays/-/uint8arrays-1.1.0.tgz",
      "integrity": "sha512-cLdlZ6jnFczsKf5IH1gPHTtcHtPGho5r4CvctohmQjw8K7Q3gFdfIGHxSTdTaCKrL4w09SsPRJTqRS0drYeszA==",
      "requires": {
        "multibase": "^3.0.0",
        "web-encoding": "^1.0.2"
      }
    },
    "varint": {
      "version": "5.0.0",
      "resolved": "https://registry.npmjs.org/varint/-/varint-5.0.0.tgz",
      "integrity": "sha1-2Ca4n3SQcy+rwMDtaT7Uddyynr8="
    },
    "web-encoding": {
      "version": "1.0.3",
      "resolved": "https://registry.npmjs.org/web-encoding/-/web-encoding-1.0.3.tgz",
      "integrity": "sha512-Ajn64qJ0Z3oMwOIwBtxajFPA+4guB12n4EfmY1Mtlgb9296WJxwH1q/ykedmQrBNpjcKCM207S5OM2wpJfl4VA=="
    }
  }
}
