{
  "name": "statediff",
  "version": "1.0.0",
  "lockfileVersion": 2,
  "requires": true,
  "packages": {
    "": {
      "name": "statediff",
      "version": "1.0.0",
      "license": "MIT",
      "dependencies": {
        "buffer": "^6.0.3",
        "cids": "^1.1.7"
      }
    },
    "node_modules/@multiformats/base-x": {
      "version": "4.0.1",
      "resolved": "https://registry.npmjs.org/@multiformats/base-x/-/base-x-4.0.1.tgz",
      "integrity": "sha512-eMk0b9ReBbV23xXU693TAIrLyeO5iTgBZGSJfpqriG8UkYvr/hC9u9pyMlAakDNHWmbhMZCDs6KQO0jzKD8OTw=="
    },
    "node_modules/base64-js": {
      "version": "1.5.1",
      "resolved": "https://registry.npmjs.org/base64-js/-/base64-js-1.5.1.tgz",
      "integrity": "sha512-AKpaYlHn8t4SVbOHCy+b5+KKgvR4vrsD8vbvrbiQJps7fKDTkjkDry6ji0rUJjC0kzbNePLwzxq8iypo41qeWA=="
    },
    "node_modules/buffer": {
      "version": "6.0.3",
      "resolved": "https://registry.npmjs.org/buffer/-/buffer-6.0.3.tgz",
      "integrity": "sha512-FTiCpNxtwiZZHEZbcbTIcZjERVICn9yq/pDFkTl95/AxzD1naBctN7YO68riM/gLSDY7sdrMby8hofADYuuqOA==",
      "dependencies": {
        "base64-js": "^1.3.1",
        "ieee754": "^1.2.1"
      }
    },
    "node_modules/cids": {
      "version": "1.1.7",
      "resolved": "https://registry.npmjs.org/cids/-/cids-1.1.7.tgz",
      "integrity": "sha512-dlh+K0hMwFAFFjWQ2ZzxOhgGVNVREPdmk8cqHFui2U4sOodcemLMxdE5Ujga4cDcDQhWfldEPThkfu6KWBt1eA==",
      "dependencies": {
        "multibase": "^4.0.1",
        "multicodec": "^3.0.1",
        "multihashes": "^4.0.1",
        "uint8arrays": "^2.1.3"
      },
      "engines": {
        "node": ">=4.0.0",
        "npm": ">=3.0.0"
      }
    },
    "node_modules/ieee754": {
      "version": "1.2.1",
      "resolved": "https://registry.npmjs.org/ieee754/-/ieee754-1.2.1.tgz",
      "integrity": "sha512-dcyqhDvX1C46lXZcVqCpK+FtMRQVdIMN6/Df5js2zouUsqG7I6sFxitIC+7KYK29KdXOLHdu9zL4sFnoVQnqaA=="
    },
    "node_modules/multibase": {
      "version": "4.0.4",
      "resolved": "https://registry.npmjs.org/multibase/-/multibase-4.0.4.tgz",
      "integrity": "sha512-8/JmrdSGzlw6KTgAJCOqUBSGd1V6186i/X8dDCGy/lbCKrQ+1QB6f3HE+wPr7Tpdj4U3gutaj9jG2rNX6UpiJg==",
      "dependencies": {
        "@multiformats/base-x": "^4.0.1"
      },
      "engines": {
        "node": ">=12.0.0",
        "npm": ">=6.0.0"
      }
    },
    "node_modules/multicodec": {
      "version": "3.0.1",
      "resolved": "https://registry.npmjs.org/multicodec/-/multicodec-3.0.1.tgz",
      "integrity": "sha512-Y6j3wiPojvkF/z6KFIGt84KdJdP2oILEdzc/3YbD3qQ3EerhqtYlfsZTPPNVoCCxNZZdzIpCKrdYFSav17sIrQ==",
      "dependencies": {
        "uint8arrays": "^2.1.3",
        "varint": "^5.0.2"
      }
    },
    "node_modules/multihashes": {
      "version": "4.0.2",
      "resolved": "https://registry.npmjs.org/multihashes/-/multihashes-4.0.2.tgz",
      "integrity": "sha512-xpx++1iZr4ZQHjN1mcrXS6904R36LWLxX/CBifczjtmrtCXEX623DMWOF1eiNSg+pFpiZDFVBgou/4v6ayCHSQ==",
      "dependencies": {
        "multibase": "^4.0.1",
        "uint8arrays": "^2.1.3",
        "varint": "^5.0.2"
      },
      "engines": {
        "node": ">=12.0.0",
        "npm": ">=6.0.0"
      }
    },
    "node_modules/uint8arrays": {
      "version": "2.1.5",
      "resolved": "https://registry.npmjs.org/uint8arrays/-/uint8arrays-2.1.5.tgz",
      "integrity": "sha512-CSR7AO+4AHUeSOnZ/NBNCElDeWfRh9bXtOck27083kc7SznmmHIhNEkEOCQOn0wvrIMjS3IH0TNLR16vuc46mA==",
      "dependencies": {
        "multibase": "^4.0.1"
      }
    },
    "node_modules/varint": {
      "version": "5.0.2",
      "resolved": "https://registry.npmjs.org/varint/-/varint-5.0.2.tgz",
      "integrity": "sha512-lKxKYG6H03yCZUpAGOPOsMcGxd1RHCu1iKvEHYDPmTyq2HueGhD73ssNBqqQWfvYs04G9iUFRvmAVLW20Jw6ow=="
    }
  },
  "dependencies": {
    "@multiformats/base-x": {
      "version": "4.0.1",
      "resolved": "https://registry.npmjs.org/@multiformats/base-x/-/base-x-4.0.1.tgz",
      "integrity": "sha512-eMk0b9ReBbV23xXU693TAIrLyeO5iTgBZGSJfpqriG8UkYvr/hC9u9pyMlAakDNHWmbhMZCDs6KQO0jzKD8OTw=="
    },
    "base64-js": {
      "version": "1.5.1",
      "resolved": "https://registry.npmjs.org/base64-js/-/base64-js-1.5.1.tgz",
      "integrity": "sha512-AKpaYlHn8t4SVbOHCy+b5+KKgvR4vrsD8vbvrbiQJps7fKDTkjkDry6ji0rUJjC0kzbNePLwzxq8iypo41qeWA=="
    },
    "buffer": {
      "version": "6.0.3",
      "resolved": "https://registry.npmjs.org/buffer/-/buffer-6.0.3.tgz",
      "integrity": "sha512-FTiCpNxtwiZZHEZbcbTIcZjERVICn9yq/pDFkTl95/AxzD1naBctN7YO68riM/gLSDY7sdrMby8hofADYuuqOA==",
      "requires": {
        "base64-js": "^1.3.1",
        "ieee754": "^1.2.1"
      }
    },
    "cids": {
      "version": "1.1.7",
      "resolved": "https://registry.npmjs.org/cids/-/cids-1.1.7.tgz",
      "integrity": "sha512-dlh+K0hMwFAFFjWQ2ZzxOhgGVNVREPdmk8cqHFui2U4sOodcemLMxdE5Ujga4cDcDQhWfldEPThkfu6KWBt1eA==",
      "requires": {
        "multibase": "^4.0.1",
        "multicodec": "^3.0.1",
        "multihashes": "^4.0.1",
        "uint8arrays": "^2.1.3"
      }
    },
    "ieee754": {
      "version": "1.2.1",
      "resolved": "https://registry.npmjs.org/ieee754/-/ieee754-1.2.1.tgz",
      "integrity": "sha512-dcyqhDvX1C46lXZcVqCpK+FtMRQVdIMN6/Df5js2zouUsqG7I6sFxitIC+7KYK29KdXOLHdu9zL4sFnoVQnqaA=="
    },
    "multibase": {
      "version": "4.0.4",
      "resolved": "https://registry.npmjs.org/multibase/-/multibase-4.0.4.tgz",
      "integrity": "sha512-8/JmrdSGzlw6KTgAJCOqUBSGd1V6186i/X8dDCGy/lbCKrQ+1QB6f3HE+wPr7Tpdj4U3gutaj9jG2rNX6UpiJg==",
      "requires": {
        "@multiformats/base-x": "^4.0.1"
      }
    },
    "multicodec": {
      "version": "3.0.1",
      "resolved": "https://registry.npmjs.org/multicodec/-/multicodec-3.0.1.tgz",
      "integrity": "sha512-Y6j3wiPojvkF/z6KFIGt84KdJdP2oILEdzc/3YbD3qQ3EerhqtYlfsZTPPNVoCCxNZZdzIpCKrdYFSav17sIrQ==",
      "requires": {
        "uint8arrays": "^2.1.3",
        "varint": "^5.0.2"
      }
    },
    "multihashes": {
      "version": "4.0.2",
      "resolved": "https://registry.npmjs.org/multihashes/-/multihashes-4.0.2.tgz",
      "integrity": "sha512-xpx++1iZr4ZQHjN1mcrXS6904R36LWLxX/CBifczjtmrtCXEX623DMWOF1eiNSg+pFpiZDFVBgou/4v6ayCHSQ==",
      "requires": {
        "multibase": "^4.0.1",
        "uint8arrays": "^2.1.3",
        "varint": "^5.0.2"
      }
    },
    "uint8arrays": {
      "version": "2.1.5",
      "resolved": "https://registry.npmjs.org/uint8arrays/-/uint8arrays-2.1.5.tgz",
      "integrity": "sha512-CSR7AO+4AHUeSOnZ/NBNCElDeWfRh9bXtOck27083kc7SznmmHIhNEkEOCQOn0wvrIMjS3IH0TNLR16vuc46mA==",
      "requires": {
        "multibase": "^4.0.1"
      }
    },
    "varint": {
      "version": "5.0.2",
      "resolved": "https://registry.npmjs.org/varint/-/varint-5.0.2.tgz",
      "integrity": "sha512-lKxKYG6H03yCZUpAGOPOsMcGxd1RHCu1iKvEHYDPmTyq2HueGhD73ssNBqqQWfvYs04G9iUFRvmAVLW20Jw6ow=="
    }
  }
}
