{
  "name": "statediff",
  "version": "1.0.0",
  "lockfileVersion": 1,
  "requires": true,
  "dependencies": {
    "minimist": {
      "version": "0.0.10",
      "resolved": "https://registry.npmjs.org/minimist/-/minimist-0.0.10.tgz",
      "integrity": "sha1-3j+YVD2/lggr5IrRoMfNqDYwHc8="
    },
    "optimist": {
      "version": "0.6.1",
      "resolved": "https://registry.npmjs.org/optimist/-/optimist-0.6.1.tgz",
      "integrity": "sha1-2j6nRob6IaGaERwybpDrFaAZZoY=",
      "requires": {
        "minimist": "~0.0.1",
        "wordwrap": "~0.0.2"
      }
    },
    "pretty-print-json": {
      "version": "0.2.2",
      "resolved": "https://registry.npmjs.org/pretty-print-json/-/pretty-print-json-0.2.2.tgz",
      "integrity": "sha512-dmSSSi9sTGuaCyXiXN+Fy3YeOiRzoflYJ8a5UHOtMFJWP05auobA7qQ94Qvd7L+shKZzpXBeOc30lgGoVLaI7g=="
    },
    "tableify": {
      "version": "1.1.0",
      "resolved": "https://registry.npmjs.org/tableify/-/tableify-1.1.0.tgz",
      "integrity": "sha1-X/ERI0CavCgdQOzb1BSJ0/MIWTY=",
      "requires": {
        "optimist": "^0.6.1"
      }
    },
    "wordwrap": {
      "version": "0.0.3",
      "resolved": "https://registry.npmjs.org/wordwrap/-/wordwrap-0.0.3.tgz",
      "integrity": "sha1-o9XabNXAvAAI03I0u68b7WMFkQc="
    }
  }
}
